{
  "name": "lakers-theme",
  "version": "1.0.0",
  "lockfileVersion": 3,
  "requires": true,
  "packages": {
    "": {
      "name": "lakers-theme",
      "version": "1.0.0",
      "dependencies": {
        "lakers-theme": "^1.0.0"
      },
      "engines": {
        "vscode": "^1.60.0"
      }
    },
    "node_modules/lakers-theme": {
      "version": "1.0.0",
      "resolved": "https://registry.npmjs.org/lakers-theme/-/lakers-theme-1.0.0.tgz",
      "integrity": "sha512-gterrfUDGANJv8iqvj3h0s+16rv8LqucUwKq5L/BL0t6KSka9IIVsbNcewxcjo+I9KrM3IbgUlAVZbLfeNQxlg==",
      "engines": {
        "vscode": "^1.60.0"
      }
    }
  }
}
